
Microsoft Visual Studio Solution File, Format Version 12.00
# Visual Studio Version 16
VisualStudioVersion = 16.0.30907.101
MinimumVisualStudioVersion = 10.0.40219.1
Project("{FAE04EC0-301F-11D3-BF4B-00C04F79EFBC}") = "MyDictionary", "MyDictionary\MyDictionary.csproj", "{4FC3EE86-6A54-466C-8213-0FF434DAE82E}"
EndProject
Global
	GlobalSection(SolutionConfigurationPlatforms) = preSolution
		Debug|Any CPU = Debug|Any CPU
		Release|Any CPU = Release|Any CPU
	EndGlobalSection
	GlobalSection(ProjectConfigurationPlatforms) = postSolution
		{4FC3EE86-6A54-466C-8213-0FF434DAE82E}.Debug|Any CPU.ActiveCfg = Debug|Any CPU
		{4FC3EE86-6A54-466C-8213-0FF434DAE82E}.Debug|Any CPU.Build.0 = Debug|Any CPU
		{4FC3EE86-6A54-466C-8213-0FF434DAE82E}.Release|Any CPU.ActiveCfg = Release|Any CPU
		{4FC3EE86-6A54-466C-8213-0FF434DAE82E}.Release|Any CPU.Build.0 = Release|Any CPU
	EndGlobalSection
	GlobalSection(SolutionProperties) = preSolution
		HideSolutionNode = FALSE
	EndGlobalSection
	GlobalSection(ExtensibilityGlobals) = postSolution
		SolutionGuid = {2FA2FAC0-0602-46C5-9DB7-ABC9209AF9DB}
	EndGlobalSection
EndGlobal
